
Microsoft Visual Studio Solution File, Format Version 12.00
# Visual Studio Version 16
VisualStudioVersion = 16.0.29613.14
MinimumVisualStudioVersion = 10.0.40219.1
Project("{FAE04EC0-301F-11D3-BF4B-00C04F79EFBC}") = "Mobile Store", "Mobile Store\Mobile Store.csproj", "{55B48A5C-F1CF-409D-B13D-5C83F2976635}"
EndProject
Global
	GlobalSection(SolutionConfigurationPlatforms) = preSolution
		Debug|Any CPU = Debug|Any CPU
		Release|Any CPU = Release|Any CPU
	EndGlobalSection
	GlobalSection(ProjectConfigurationPlatforms) = postSolution
		{55B48A5C-F1CF-409D-B13D-5C83F2976635}.Debug|Any CPU.ActiveCfg = Debug|Any CPU
		{55B48A5C-F1CF-409D-B13D-5C83F2976635}.Debug|Any CPU.Build.0 = Debug|Any CPU
		{55B48A5C-F1CF-409D-B13D-5C83F2976635}.Release|Any CPU.ActiveCfg = Release|Any CPU
		{55B48A5C-F1CF-409D-B13D-5C83F2976635}.Release|Any CPU.Build.0 = Release|Any CPU
	EndGlobalSection
	GlobalSection(SolutionProperties) = preSolution
		HideSolutionNode = FALSE
	EndGlobalSection
	GlobalSection(ExtensibilityGlobals) = postSolution
		SolutionGuid = {36678F7B-D99B-475C-B94E-C3C366F74972}
	EndGlobalSection
EndGlobal
